
Microsoft Visual Studio Solution File, Format Version 12.00
Project("{FAE04EC0-301F-11D3-BF4B-00C04F79EFBC}") = "PavValHackathon.Web.Common", "src\PavValHackathon.Web.Common\PavValHackathon.Web.Common.csproj", "{E7A58542-6C1A-49E8-8FA6-7909862B97D9}"
EndProject
Project("{FAE04EC0-301F-11D3-BF4B-00C04F79EFBC}") = "PavValHackathon.Web.Extensions", "src\PavValHackathon.Web.Extensions\PavValHackathon.Web.Extensions.csproj", "{7362709F-5CE3-4340-BF7C-C816F3BDE0B3}"
EndProject
Project("{FAE04EC0-301F-11D3-BF4B-00C04F79EFBC}") = "PavValHackathon.Web.API", "src\PavValHackathon.Web.API\PavValHackathon.Web.API.csproj", "{4E4BFA73-7A4A-413A-80DE-31276B7AE717}"
EndProject
Project("{FAE04EC0-301F-11D3-BF4B-00C04F79EFBC}") = "PavValHackathon.Web.Data", "src\PavValHackathon.Web.Data\PavValHackathon.Web.Data.csproj", "{CBEF8662-3A68-47F4-9770-3E9DA6D11D5F}"
EndProject
Project("{2150E333-8FDC-42A3-9474-1A3956D46DE8}") = "test", "test", "{4C7458A4-250F-4EA8-816C-C8210839815B}"
EndProject
Project("{FAE04EC0-301F-11D3-BF4B-00C04F79EFBC}") = "PavValHackathon.Web.Common.Tests", "test\PavValHackathon.Web.Common.Tests\PavValHackathon.Web.Common.Tests.csproj", "{ADE3F3E4-50BC-4E20-9998-84DCA2E248D2}"
EndProject
Global
	GlobalSection(SolutionConfigurationPlatforms) = preSolution
		Debug|Any CPU = Debug|Any CPU
		Release|Any CPU = Release|Any CPU
	EndGlobalSection
	GlobalSection(ProjectConfigurationPlatforms) = postSolution
		{E7A58542-6C1A-49E8-8FA6-7909862B97D9}.Debug|Any CPU.ActiveCfg = Debug|Any CPU
		{E7A58542-6C1A-49E8-8FA6-7909862B97D9}.Debug|Any CPU.Build.0 = Debug|Any CPU
		{E7A58542-6C1A-49E8-8FA6-7909862B97D9}.Release|Any CPU.ActiveCfg = Release|Any CPU
		{E7A58542-6C1A-49E8-8FA6-7909862B97D9}.Release|Any CPU.Build.0 = Release|Any CPU
		{7362709F-5CE3-4340-BF7C-C816F3BDE0B3}.Debug|Any CPU.ActiveCfg = Debug|Any CPU
		{7362709F-5CE3-4340-BF7C-C816F3BDE0B3}.Debug|Any CPU.Build.0 = Debug|Any CPU
		{7362709F-5CE3-4340-BF7C-C816F3BDE0B3}.Release|Any CPU.ActiveCfg = Release|Any CPU
		{7362709F-5CE3-4340-BF7C-C816F3BDE0B3}.Release|Any CPU.Build.0 = Release|Any CPU
		{4E4BFA73-7A4A-413A-80DE-31276B7AE717}.Debug|Any CPU.ActiveCfg = Debug|Any CPU
		{4E4BFA73-7A4A-413A-80DE-31276B7AE717}.Debug|Any CPU.Build.0 = Debug|Any CPU
		{4E4BFA73-7A4A-413A-80DE-31276B7AE717}.Release|Any CPU.ActiveCfg = Release|Any CPU
		{4E4BFA73-7A4A-413A-80DE-31276B7AE717}.Release|Any CPU.Build.0 = Release|Any CPU
		{CBEF8662-3A68-47F4-9770-3E9DA6D11D5F}.Debug|Any CPU.ActiveCfg = Debug|Any CPU
		{CBEF8662-3A68-47F4-9770-3E9DA6D11D5F}.Debug|Any CPU.Build.0 = Debug|Any CPU
		{CBEF8662-3A68-47F4-9770-3E9DA6D11D5F}.Release|Any CPU.ActiveCfg = Release|Any CPU
		{CBEF8662-3A68-47F4-9770-3E9DA6D11D5F}.Release|Any CPU.Build.0 = Release|Any CPU
		{ADE3F3E4-50BC-4E20-9998-84DCA2E248D2}.Debug|Any CPU.ActiveCfg = Debug|Any CPU
		{ADE3F3E4-50BC-4E20-9998-84DCA2E248D2}.Debug|Any CPU.Build.0 = Debug|Any CPU
		{ADE3F3E4-50BC-4E20-9998-84DCA2E248D2}.Release|Any CPU.ActiveCfg = Release|Any CPU
		{ADE3F3E4-50BC-4E20-9998-84DCA2E248D2}.Release|Any CPU.Build.0 = Release|Any CPU
	EndGlobalSection
	GlobalSection(NestedProjects) = preSolution
		{ADE3F3E4-50BC-4E20-9998-84DCA2E248D2} = {4C7458A4-250F-4EA8-816C-C8210839815B}
	EndGlobalSection
EndGlobal
